// !$*UTF8*$!
{
	archiveVersion = 1;
	classes = {
	};
	objectVersion = 50;
	objects = {

/* Begin PBXBuildFile section */
		C488E40D25E6BD9A00857225 /* PhotoData.swift in Sources */ = {isa = PBXBuildFile; fileRef = C488E40C25E6BD9A00857225 /* PhotoData.swift */; };
		C4912F7825E5397900D9C2EE /* SwiftUI_HelloWorldApp.swift in Sources */ = {isa = PBXBuildFile; fileRef = C4912F7725E5397900D9C2EE /* SwiftUI_HelloWorldApp.swift */; };
		C4912F7A25E5397900D9C2EE /* ContentView.swift in Sources */ = {isa = PBXBuildFile; fileRef = C4912F7925E5397900D9C2EE /* ContentView.swift */; };
		C4912F7C25E5397900D9C2EE /* Assets.xcassets in Resources */ = {isa = PBXBuildFile; fileRef = C4912F7B25E5397900D9C2EE /* Assets.xcassets */; };
		C4912F7F25E5397900D9C2EE /* Preview Assets.xcassets in Resources */ = {isa = PBXBuildFile; fileRef = C4912F7E25E5397900D9C2EE /* Preview Assets.xcassets */; };
/* End PBXBuildFile section */

/* Begin PBXFileReference section */
		C488E40C25E6BD9A00857225 /* PhotoData.swift */ = {isa = PBXFileReference; lastKnownFileType = sourcecode.swift; path = PhotoData.swift; sourceTree = "<group>"; };
		C4912F7425E5397900D9C2EE /* SwiftUI_HelloWorld.app */ = {isa = PBXFileReference; explicitFileType = wrapper.application; includeInIndex = 0; path = SwiftUI_HelloWorld.app; sourceTree = BUILT_PRODUCTS_DIR; };
		C4912F7725E5397900D9C2EE /* SwiftUI_HelloWorldApp.swift */ = {isa = PBXFileReference; lastKnownFileType = sourcecode.swift; path = SwiftUI_HelloWorldApp.swift; sourceTree = "<group>"; };
		C4912F7925E5397900D9C2EE /* ContentView.swift */ = {isa = PBXFileReference; lastKnownFileType = sourcecode.swift; path = ContentView.swift; sourceTree = "<group>"; };
		C4912F7B25E5397900D9C2EE /* Assets.xcassets */ = {isa = PBXFileReference; lastKnownFileType = folder.assetcatalog; path = Assets.xcassets; sourceTree = "<group>"; };
		C4912F7E25E5397900D9C2EE /* Preview Assets.xcassets */ = {isa = PBXFileReference; lastKnownFileType = folder.assetcatalog; path = "Preview Assets.xcassets"; sourceTree = "<group>"; };
		C4912F8025E5397900D9C2EE /* Info.plist */ = {isa = PBXFileReference; lastKnownFileType = text.plist.xml; path = Info.plist; sourceTree = "<group>"; };
/* End PBXFileReference section */

/* Begin PBXFrameworksBuildPhase section */
		C4912F7125E5397900D9C2EE /* Frameworks */ = {
			isa = PBXFrameworksBuildPhase;
			buildActionMask = 2147483647;
			files = (
			);
			runOnlyForDeploymentPostprocessing = 0;
		};
/* End PBXFrameworksBuildPhase section */

/* Begin PBXGroup section */
		C4912F6B25E5397900D9C2EE = {
			isa = PBXGroup;
			children = (
				C4912F7625E5397900D9C2EE /* SwiftUI_HelloWorld */,
				C4912F7525E5397900D9C2EE /* Products */,
			);
			sourceTree = "<group>";
		};
		C4912F7525E5397900D9C2EE /* Products */ = {
			isa = PBXGroup;
			children = (
				C4912F7425E5397900D9C2EE /* SwiftUI_HelloWorld.app */,
			);
			name = Products;
			sourceTree = "<group>";
		};
		C4912F7625E5397900D9C2EE /* SwiftUI_HelloWorld */ = {
			isa = PBXGroup;
			children = (
				C488E40C25E6BD9A00857225 /* PhotoData.swift */,
				C4912F7725E5397900D9C2EE /* SwiftUI_HelloWorldApp.swift */,
				C4912F7925E5397900D9C2EE /* ContentView.swift */,
				C4912F7B25E5397900D9C2EE /* Assets.xcassets */,
				C4912F8025E5397900D9C2EE /* Info.plist */,
				C4912F7D25E5397900D9C2EE /* Preview Content */,
			);
			path = SwiftUI_HelloWorld;
			sourceTree = "<group>";
		};
		C4912F7D25E5397900D9C2EE /* Preview Content */ = {
			isa = PBXGroup;
			children = (
				C4912F7E25E5397900D9C2EE /* Preview Assets.xcassets */,
			);
			path = "Preview Content";
			sourceTree = "<group>";
		};
/* End PBXGroup section */

/* Begin PBXNativeTarget section */
		C4912F7325E5397900D9C2EE /* SwiftUI_HelloWorld */ = {
			isa = PBXNativeTarget;
			buildConfigurationList = C4912F8325E5397900D9C2EE /* Build configuration list for PBXNativeTarget "SwiftUI_HelloWorld" */;
			buildPhases = (
				C4912F7025E5397900D9C2EE /* Sources */,
				C4912F7125E5397900D9C2EE /* Frameworks */,
				C4912F7225E5397900D9C2EE /* Resources */,
			);
			buildRules = (
			);
			dependencies = (
			);
			name = SwiftUI_HelloWorld;
			productName = SwiftUI_HelloWorld;
			productReference = C4912F7425E5397900D9C2EE /* SwiftUI_HelloWorld.app */;
			productType = "com.apple.product-type.application";
		};
/* End PBXNativeTarget section */

/* Begin PBXProject section */
		C4912F6C25E5397900D9C2EE /* Project object */ = {
			isa = PBXProject;
			attributes = {
				LastSwiftUpdateCheck = 1250;
				LastUpgradeCheck = 1250;
				TargetAttributes = {
					C4912F7325E5397900D9C2EE = {
						CreatedOnToolsVersion = 12.5;
					};
				};
			};
			buildConfigurationList = C4912F6F25E5397900D9C2EE /* Build configuration list for PBXProject "SwiftUI_HelloWorld" */;
			compatibilityVersion = "Xcode 9.3";
			developmentRegion = en;
			hasScannedForEncodings = 0;
			knownRegions = (
				en,
				Base,
			);
			mainGroup = C4912F6B25E5397900D9C2EE;
			productRefGroup = C4912F7525E5397900D9C2EE /* Products */;
			projectDirPath = "";
			projectRoot = "";
			targets = (
				C4912F7325E5397900D9C2EE /* SwiftUI_HelloWorld */,
			);
		};
/* End PBXProject section */

/* Begin PBXResourcesBuildPhase section */
		C4912F7225E5397900D9C2EE /* Resources */ = {
			isa = PBXResourcesBuildPhase;
			buildActionMask = 2147483647;
			files = (
				C4912F7F25E5397900D9C2EE /* Preview Assets.xcassets in Resources */,
				C4912F7C25E5397900D9C2EE /* Assets.xcassets in Resources */,
			);
			runOnlyForDeploymentPostprocessing = 0;
		};
/* End PBXResourcesBuildPhase section */

/* Begin PBXSourcesBuildPhase section */
		C4912F7025E5397900D9C2EE /* Sources */ = {
			isa = PBXSourcesBuildPhase;
			buildActionMask = 2147483647;
			files = (
				C4912F7A25E5397900D9C2EE /* ContentView.swift in Sources */,
				C4912F7825E5397900D9C2EE /* SwiftUI_HelloWorldApp.swift in Sources */,
				C488E40D25E6BD9A00857225 /* PhotoData.swift in Sources */,
			);
			runOnlyForDeploymentPostprocessing = 0;
		};
/* End PBXSourcesBuildPhase section */

/* Begin XCBuildConfiguration section */
		C4912F8125E5397900D9C2EE /* Debug */ = {
			isa = XCBuildConfiguration;
			buildSettings = {
				ALWAYS_SEARCH_USER_PATHS = NO;
				CLANG_ANALYZER_NONNULL = YES;
				CLANG_ANALYZER_NUMBER_OBJECT_CONVERSION = YES_AGGRESSIVE;
				CLANG_CXX_LANGUAGE_STANDARD = "gnu++14";
				CLANG_CXX_LIBRARY = "libc++";
				CLANG_ENABLE_MODULES = YES;
				CLANG_ENABLE_OBJC_ARC = YES;
				CLANG_ENABLE_OBJC_WEAK = YES;
				CLANG_WARN_BLOCK_CAPTURE_AUTORELEASING = YES;
				CLANG_WARN_BOOL_CONVERSION = YES;
				CLANG_WARN_COMMA = YES;
				CLANG_WARN_CONSTANT_CONVERSION = YES;
				CLANG_WARN_DEPRECATED_OBJC_IMPLEMENTATIONS = YES;
				CLANG_WARN_DIRECT_OBJC_ISA_USAGE = YES_ERROR;
				CLANG_WARN_DOCUMENTATION_COMMENTS = YES;
				CLANG_WARN_EMPTY_BODY = YES;
				CLANG_WARN_ENUM_CONVERSION = YES;
				CLANG_WARN_INFINITE_RECURSION = YES;
				CLANG_WARN_INT_CONVERSION = YES;
				CLANG_WARN_NON_LITERAL_NULL_CONVERSION = YES;
				CLANG_WARN_OBJC_IMPLICIT_RETAIN_SELF = YES;
				CLANG_WARN_OBJC_LITERAL_CONVERSION = YES;
				CLANG_WARN_OBJC_ROOT_CLASS = YES_ERROR;
				CLANG_WARN_QUOTED_INCLUDE_IN_FRAMEWORK_HEADER = YES;
				CLANG_WARN_RANGE_LOOP_ANALYSIS = YES;
				CLANG_WARN_STRICT_PROTOTYPES = YES;
				CLANG_WARN_SUSPICIOUS_MOVE = YES;
				CLANG_WARN_UNGUARDED_AVAILABILITY = YES_AGGRESSIVE;
				CLANG_WARN_UNREACHABLE_CODE = YES;
				CLANG_WARN__DUPLICATE_METHOD_MATCH = YES;
				COPY_PHASE_STRIP = NO;
				DEBUG_INFORMATION_FORMAT = dwarf;
				ENABLE_STRICT_OBJC_MSGSEND = YES;
				ENABLE_TESTABILITY = YES;
				GCC_C_LANGUAGE_STANDARD = gnu11;
				GCC_DYNAMIC_NO_PIC = NO;
				GCC_NO_COMMON_BLOCKS = YES;
				GCC_OPTIMIZATION_LEVEL = 0;
				GCC_PREPROCESSOR_DEFINITIONS = (
					"DEBUG=1",
					"$(inherited)",
				);
				GCC_WARN_64_TO_32_BIT_CONVERSION = YES;
				GCC_WARN_ABOUT_RETURN_TYPE = YES_ERROR;
				GCC_WARN_UNDECLARED_SELECTOR = YES;
				GCC_WARN_UNINITIALIZED_AUTOS = YES_AGGRESSIVE;
				GCC_WARN_UNUSED_FUNCTION = YES;
				GCC_WARN_UNUSED_VARIABLE = YES;
				IPHONEOS_DEPLOYMENT_TARGET = 14.5;
				MTL_ENABLE_DEBUG_INFO = INCLUDE_SOURCE;
				MTL_FAST_MATH = YES;
				ONLY_ACTIVE_ARCH = YES;
				SDKROOT = iphoneos;
				SWIFT_ACTIVE_COMPILATION_CONDITIONS = DEBUG;
				SWIFT_OPTIMIZATION_LEVEL = "-Onone";
			};
			name = Debug;
		};
		C4912F8225E5397900D9C2EE /* Release */ = {
			isa = XCBuildConfiguration;
			buildSettings = {
				ALWAYS_SEARCH_USER_PATHS = NO;
				CLANG_ANALYZER_NONNULL = YES;
				CLANG_ANALYZER_NUMBER_OBJECT_CONVERSION = YES_AGGRESSIVE;
				CLANG_CXX_LANGUAGE_STANDARD = "gnu++14";
				CLANG_CXX_LIBRARY = "libc++";
				CLANG_ENABLE_MODULES = YES;
				CLANG_ENABLE_OBJC_ARC = YES;
				CLANG_ENABLE_OBJC_WEAK = YES;
				CLANG_WARN_BLOCK_CAPTURE_AUTORELEASING = YES;
				CLANG_WARN_BOOL_CONVERSION = YES;
				CLANG_WARN_COMMA = YES;
				CLANG_WARN_CONSTANT_CONVERSION = YES;
				CLANG_WARN_DEPRECATED_OBJC_IMPLEMENTATIONS = YES;
				CLANG_WARN_DIRECT_OBJC_ISA_USAGE = YES_ERROR;
				CLANG_WARN_DOCUMENTATION_COMMENTS = YES;
				CLANG_WARN_EMPTY_BODY = YES;
				CLANG_WARN_ENUM_CONVERSION = YES;
				CLANG_WARN_INFINITE_RECURSION = YES;
				CLANG_WARN_INT_CONVERSION = YES;
				CLANG_WARN_NON_LITERAL_NULL_CONVERSION = YES;
				CLANG_WARN_OBJC_IMPLICIT_RETAIN_SELF = YES;
				CLANG_WARN_OBJC_LITERAL_CONVERSION = YES;
				CLANG_WARN_OBJC_ROOT_CLASS = YES_ERROR;
				CLANG_WARN_QUOTED_INCLUDE_IN_FRAMEWORK_HEADER = YES;
				CLANG_WARN_RANGE_LOOP_ANALYSIS = YES;
				CLANG_WARN_STRICT_PROTOTYPES = YES;
				CLANG_WARN_SUSPICIOUS_MOVE = YES;
				CLANG_WARN_UNGUARDED_AVAILABILITY = YES_AGGRESSIVE;
				CLANG_WARN_UNREACHABLE_CODE = YES;
				CLANG_WARN__DUPLICATE_METHOD_MATCH = YES;
				COPY_PHASE_STRIP = NO;
				DEBUG_INFORMATION_FORMAT = "dwarf-with-dsym";
				ENABLE_NS_ASSERTIONS = NO;
				ENABLE_STRICT_OBJC_MSGSEND = YES;
				GCC_C_LANGUAGE_STANDARD = gnu11;
				GCC_NO_COMMON_BLOCKS = YES;
				GCC_WARN_64_TO_32_BIT_CONVERSION = YES;
				GCC_WARN_ABOUT_RETURN_TYPE = YES_ERROR;
				GCC_WARN_UNDECLARED_SELECTOR = YES;
				GCC_WARN_UNINITIALIZED_AUTOS = YES_AGGRESSIVE;
				GCC_WARN_UNUSED_FUNCTION = YES;
				GCC_WARN_UNUSED_VARIABLE = YES;
				IPHONEOS_DEPLOYMENT_TARGET = 14.5;
				MTL_ENABLE_DEBUG_INFO = NO;
				MTL_FAST_MATH = YES;
				SDKROOT = iphoneos;
				SWIFT_COMPILATION_MODE = wholemodule;
				SWIFT_OPTIMIZATION_LEVEL = "-O";
				VALIDATE_PRODUCT = YES;
			};
			name = Release;
		};
		C4912F8425E5397900D9C2EE /* Debug */ = {
			isa = XCBuildConfiguration;
			buildSettings = {
				ASSETCATALOG_COMPILER_APPICON_NAME = AppIcon;
				ASSETCATALOG_COMPILER_GLOBAL_ACCENT_COLOR_NAME = AccentColor;
				CODE_SIGN_STYLE = Automatic;
				DEVELOPMENT_ASSET_PATHS = "\"SwiftUI_HelloWorld/Preview Content\"";
				DEVELOPMENT_TEAM = FJ5PE3F945;
				ENABLE_PREVIEWS = YES;
				INFOPLIST_FILE = SwiftUI_HelloWorld/Info.plist;
				IPHONEOS_DEPLOYMENT_TARGET = 14.0;
				LD_RUNPATH_SEARCH_PATHS = (
					"$(inherited)",
					"@executable_path/Frameworks",
				);
				PRODUCT_BUNDLE_IDENTIFIER = "shogo.SwiftUI-HelloWorld";
				PRODUCT_NAME = "$(TARGET_NAME)";
				SWIFT_VERSION = 5.0;
				TARGETED_DEVICE_FAMILY = "1,2";
			};
			name = Debug;
		};
		C4912F8525E5397900D9C2EE /* Release */ = {
			isa = XCBuildConfiguration;
			buildSettings = {
				ASSETCATALOG_COMPILER_APPICON_NAME = AppIcon;
				ASSETCATALOG_COMPILER_GLOBAL_ACCENT_COLOR_NAME = AccentColor;
				CODE_SIGN_STYLE = Automatic;
				DEVELOPMENT_ASSET_PATHS = "\"SwiftUI_HelloWorld/Preview Content\"";
				DEVELOPMENT_TEAM = FJ5PE3F945;
				ENABLE_PREVIEWS = YES;
				INFOPLIST_FILE = SwiftUI_HelloWorld/Info.plist;
				IPHONEOS_DEPLOYMENT_TARGET = 14.0;
				LD_RUNPATH_SEARCH_PATHS = (
					"$(inherited)",
					"@executable_path/Frameworks",
				);
				PRODUCT_BUNDLE_IDENTIFIER = "shogo.SwiftUI-HelloWorld";
				PRODUCT_NAME = "$(TARGET_NAME)";
				SWIFT_VERSION = 5.0;
				TARGETED_DEVICE_FAMILY = "1,2";
			};
			name = Release;
		};
/* End XCBuildConfiguration section */

/* Begin XCConfigurationList section */
		C4912F6F25E5397900D9C2EE /* Build configuration list for PBXProject "SwiftUI_HelloWorld" */ = {
			isa = XCConfigurationList;
			buildConfigurations = (
				C4912F8125E5397900D9C2EE /* Debug */,
				C4912F8225E5397900D9C2EE /* Release */,
			);
			defaultConfigurationIsVisible = 0;
			defaultConfigurationName = Release;
		};
		C4912F8325E5397900D9C2EE /* Build configuration list for PBXNativeTarget "SwiftUI_HelloWorld" */ = {
			isa = XCConfigurationList;
			buildConfigurations = (
				C4912F8425E5397900D9C2EE /* Debug */,
				C4912F8525E5397900D9C2EE /* Release */,
			);
			defaultConfigurationIsVisible = 0;
			defaultConfigurationName = Release;
		};
/* End XCConfigurationList section */
	};
	rootObject = C4912F6C25E5397900D9C2EE /* Project object */;
}
